
Microsoft Visual Studio Solution File, Format Version 12.00
# Visual Studio Version 16
VisualStudioVersion = 16.0.31019.35
MinimumVisualStudioVersion = 10.0.40219.1
Project("{FAE04EC0-301F-11D3-BF4B-00C04F79EFBC}") = "CotacaoDoDolar", "CotacaoDoDolar\CotacaoDoDolar.csproj", "{9BB69B80-0F5D-4DDC-B0FE-C6203A701821}"
EndProject
Global
	GlobalSection(SolutionConfigurationPlatforms) = preSolution
		Debug|Any CPU = Debug|Any CPU
		Release|Any CPU = Release|Any CPU
	EndGlobalSection
	GlobalSection(ProjectConfigurationPlatforms) = postSolution
		{9BB69B80-0F5D-4DDC-B0FE-C6203A701821}.Debug|Any CPU.ActiveCfg = Debug|Any CPU
		{9BB69B80-0F5D-4DDC-B0FE-C6203A701821}.Debug|Any CPU.Build.0 = Debug|Any CPU
		{9BB69B80-0F5D-4DDC-B0FE-C6203A701821}.Release|Any CPU.ActiveCfg = Release|Any CPU
		{9BB69B80-0F5D-4DDC-B0FE-C6203A701821}.Release|Any CPU.Build.0 = Release|Any CPU
	EndGlobalSection
	GlobalSection(SolutionProperties) = preSolution
		HideSolutionNode = FALSE
	EndGlobalSection
	GlobalSection(ExtensibilityGlobals) = postSolution
		SolutionGuid = {50936FBE-D281-4550-A01A-A35A3AB2B826}
	EndGlobalSection
EndGlobal
