
Microsoft Visual Studio Solution File, Format Version 12.00
# Visual Studio Version 16
VisualStudioVersion = 16.0.29613.14
MinimumVisualStudioVersion = 10.0.40219.1
Project("{FAE04EC0-301F-11D3-BF4B-00C04F79EFBC}") = "PrimeiroProjeto", "PrimeiroProjeto.csproj", "{733C0986-650F-42C7-9A38-CA75B0783E9B}"
EndProject
Global
	GlobalSection(SolutionConfigurationPlatforms) = preSolution
		Debug|Any CPU = Debug|Any CPU
		Release|Any CPU = Release|Any CPU
	EndGlobalSection
	GlobalSection(ProjectConfigurationPlatforms) = postSolution
		{733C0986-650F-42C7-9A38-CA75B0783E9B}.Debug|Any CPU.ActiveCfg = Debug|Any CPU
		{733C0986-650F-42C7-9A38-CA75B0783E9B}.Debug|Any CPU.Build.0 = Debug|Any CPU
		{733C0986-650F-42C7-9A38-CA75B0783E9B}.Release|Any CPU.ActiveCfg = Release|Any CPU
		{733C0986-650F-42C7-9A38-CA75B0783E9B}.Release|Any CPU.Build.0 = Release|Any CPU
	EndGlobalSection
	GlobalSection(SolutionProperties) = preSolution
		HideSolutionNode = FALSE
	EndGlobalSection
	GlobalSection(ExtensibilityGlobals) = postSolution
		SolutionGuid = {6FBC95E6-1F60-4EC5-8CA6-1CAE34C51B0B}
	EndGlobalSection
EndGlobal
